
Microsoft Visual Studio Solution File, Format Version 12.00
# Visual Studio 15
VisualStudioVersion = 15.0.28010.2041
MinimumVisualStudioVersion = 10.0.40219.1
Project("{FAE04EC0-301F-11D3-BF4B-00C04F79EFBC}") = "ReleasePipeDemoApp", "ReleasePipeDemoApp\ReleasePipeDemoApp.csproj", "{28DBFA26-76F5-43A6-BA57-D75C7A7E8CC5}"
EndProject
Project("{FAE04EC0-301F-11D3-BF4B-00C04F79EFBC}") = "ReleasePipeDemoApp.Tests", "ReleasePipeDemoApp.Tests\ReleasePipeDemoApp.Tests.csproj", "{9469D693-5EAD-4752-8FD7-C9767EBD5C58}"
EndProject
Global
	GlobalSection(SolutionConfigurationPlatforms) = preSolution
		Debug|Any CPU = Debug|Any CPU
		Release|Any CPU = Release|Any CPU
	EndGlobalSection
	GlobalSection(ProjectConfigurationPlatforms) = postSolution
		{28DBFA26-76F5-43A6-BA57-D75C7A7E8CC5}.Debug|Any CPU.ActiveCfg = Debug|Any CPU
		{28DBFA26-76F5-43A6-BA57-D75C7A7E8CC5}.Debug|Any CPU.Build.0 = Debug|Any CPU
		{28DBFA26-76F5-43A6-BA57-D75C7A7E8CC5}.Release|Any CPU.ActiveCfg = Release|Any CPU
		{28DBFA26-76F5-43A6-BA57-D75C7A7E8CC5}.Release|Any CPU.Build.0 = Release|Any CPU
		{9469D693-5EAD-4752-8FD7-C9767EBD5C58}.Debug|Any CPU.ActiveCfg = Debug|Any CPU
		{9469D693-5EAD-4752-8FD7-C9767EBD5C58}.Debug|Any CPU.Build.0 = Debug|Any CPU
		{9469D693-5EAD-4752-8FD7-C9767EBD5C58}.Release|Any CPU.ActiveCfg = Release|Any CPU
		{9469D693-5EAD-4752-8FD7-C9767EBD5C58}.Release|Any CPU.Build.0 = Release|Any CPU
	EndGlobalSection
	GlobalSection(SolutionProperties) = preSolution
		HideSolutionNode = FALSE
	EndGlobalSection
	GlobalSection(ExtensibilityGlobals) = postSolution
		SolutionGuid = {251AAB29-9B46-407D-BE4C-C07A0E51A06F}
	EndGlobalSection
EndGlobal
